// !$*UTF8*$!
{
	archiveVersion = 1;
	classes = {
	};
	objectVersion = 77;
	objects = {

/* Begin PBXBuildFile section */
		03373DE789A0F9BA9C45C6AD /* PointCalculatorTests.swift in Sources */ = {isa = PBXBuildFile; fileRef = 56839A06B9CADB61CD8F0545 /* PointCalculatorTests.swift */; };
		0552ACAE4B5583F199940729 /* RatingViewModel.swift in Sources */ = {isa = PBXBuildFile; fileRef = 39D948A9E4EA562881560D1D /* RatingViewModel.swift */; };
		0970863FF8CAC6908DC0F05A /* SettingsRow.swift in Sources */ = {isa = PBXBuildFile; fileRef = 0CC0A4CB21F89291C4FBCDFE /* SettingsRow.swift */; };
		0CEAA16E075C650386BE8C94 /* RatingRepository.swift in Sources */ = {isa = PBXBuildFile; fileRef = 9EFF6B3229F527C0AE2571EA /* RatingRepository.swift */; };
		13EBD9E74C0EDD01A857FA46 /* EmailLoginView.swift in Sources */ = {isa = PBXBuildFile; fileRef = 60C42697C92E12E93330200C /* EmailLoginView.swift */; };
		1910C90F4B7273845022585E /* PostAnswerViewModel.swift in Sources */ = {isa = PBXBuildFile; fileRef = 3194AAD50AE8F82C8147FD28 /* PostAnswerViewModel.swift */; };
		1A7DE2EC1FBC27E764C96199 /* AppNotification.swift in Sources */ = {isa = PBXBuildFile; fileRef = DC5CB57B3F26070549691AA0 /* AppNotification.swift */; };
		1BCF31C482F2401FC730AA65 /* AuthBackend.swift in Sources */ = {isa = PBXBuildFile; fileRef = 44D3DC0FA0467D45D873A1A4 /* AuthBackend.swift */; };
		1E28A4A9FF5233CA8FC37B27 /* ApplicationStepper.swift in Sources */ = {isa = PBXBuildFile; fileRef = 1514E0B522682CF90587A444 /* ApplicationStepper.swift */; };
		222B68A4D6DD044473498929 /* AnswererRoute.swift in Sources */ = {isa = PBXBuildFile; fileRef = E3DA8308DB1B82D42BA0DF29 /* AnswererRoute.swift */; };
		263338CEBA7E840434488CFC /* RunvoxColors.swift in Sources */ = {isa = PBXBuildFile; fileRef = 6885788228778087298914EB /* RunvoxColors.swift */; };
		27EAFDDA636E4A54D869804E /* QuestionCategory.swift in Sources */ = {isa = PBXBuildFile; fileRef = 5BFD0F73D04E3FAF9E2EF67D /* QuestionCategory.swift */; };
		2CC1367FA51A8E72B5149C02 /* ReportViewModel.swift in Sources */ = {isa = PBXBuildFile; fileRef = BB354ED4F33660801AF4D9EB /* ReportViewModel.swift */; };
		2E7214902128868DE17E30BF /* AnswererProfile.swift in Sources */ = {isa = PBXBuildFile; fileRef = AD9B8F24D8D2612020C24E7B /* AnswererProfile.swift */; };
		30AA0A96003FDFCA679CD16E /* AuthService.swift in Sources */ = {isa = PBXBuildFile; fileRef = C5C2BEDECC25233D498BD091 /* AuthService.swift */; };
		3474A07A447E4F548042D5B3 /* MockRatingRepository.swift in Sources */ = {isa = PBXBuildFile; fileRef = 863E311E892FF1102CAC3E5E /* MockRatingRepository.swift */; };
		351B526021A59B43693EEE5D /* SearchViewModelTests.swift in Sources */ = {isa = PBXBuildFile; fileRef = B231EE49C6F2BFF45CC0D4C3 /* SearchViewModelTests.swift */; };
		3893495C758040296788D567 /* ReportViewModelTests.swift in Sources */ = {isa = PBXBuildFile; fileRef = 2E25871C309569F5611876CF /* ReportViewModelTests.swift */; };
		3DD520467675F23FD7642297 /* SearchViewModel.swift in Sources */ = {isa = PBXBuildFile; fileRef = 662A51C05E0F08F101145CD2 /* SearchViewModel.swift */; };
		4026D57D0ACE7D494AD16F3B /* ReportRepository.swift in Sources */ = {isa = PBXBuildFile; fileRef = 1C5E0429F3464029B69FEAFE /* ReportRepository.swift */; };
		42A56AF550B64A80715F022E /* MockAnswerRepository.swift in Sources */ = {isa = PBXBuildFile; fileRef = 57DF651C39059B1F2BD60EA5 /* MockAnswerRepository.swift */; };
		43234273EABA45FE06450B91 /* AuthState.swift in Sources */ = {isa = PBXBuildFile; fileRef = 9A192D772A530BC3AF38C4FF /* AuthState.swift */; };
		440811304B76DE2F3A965A61 /* QuestionCard.swift in Sources */ = {isa = PBXBuildFile; fileRef = 4476404783F9BF197A0C0BD8 /* QuestionCard.swift */; };
		4BBB206F36B4E21A58A42C62 /* PointsDashboardView.swift in Sources */ = {isa = PBXBuildFile; fileRef = E49F5DABB2764B59B5A11E6D /* PointsDashboardView.swift */; };
		50C04C7A001C0B38B280828C /* ReviewerApplicationView.swift in Sources */ = {isa = PBXBuildFile; fileRef = D74515AD574D73AC16E9EDED /* ReviewerApplicationView.swift */; };
		5164A78B689FC84CADAFC54C /* AuthError.swift in Sources */ = {isa = PBXBuildFile; fileRef = 8E256FC162F0F76E55097DF6 /* AuthError.swift */; };
		5273EA06570D1A628D56E757 /* AnswererProfileView.swift in Sources */ = {isa = PBXBuildFile; fileRef = 1739C5D7306488E6857E9E78 /* AnswererProfileView.swift */; };
		52FEA7E165772247CAC46F72 /* ReviewerApplication.swift in Sources */ = {isa = PBXBuildFile; fileRef = 0FAB66F5DCDB5C61C83C9F69 /* ReviewerApplication.swift */; };
		5420C98437980FDA3FF2CC8E /* RunvoxButtonStyle.swift in Sources */ = {isa = PBXBuildFile; fileRef = C75E6C904EE8C9AB4640AA01 /* RunvoxButtonStyle.swift */; };
		56A4089D549C507D434F4E4F /* MockPointRepository.swift in Sources */ = {isa = PBXBuildFile; fileRef = 3A79257FD4ED42111B4624C2 /* MockPointRepository.swift */; };
		575BAA7F441361E6B6B80879 /* UserPoints.swift in Sources */ = {isa = PBXBuildFile; fileRef = 352B0446566A1F7BB24DA931 /* UserPoints.swift */; };
		5A504F7A033E9FE49750B52C /* PostQuestionViewModelTests.swift in Sources */ = {isa = PBXBuildFile; fileRef = EC754DA045A4A91A42340C30 /* PostQuestionViewModelTests.swift */; };
		5C84B66DE82A7FB4221B1D98 /* MockReviewerApplicationRepository.swift in Sources */ = {isa = PBXBuildFile; fileRef = 39E21EC634537A9D2ECC0415 /* MockReviewerApplicationRepository.swift */; };
		5DD4E459C40AFB8729F0C661 /* MockQuestionRepository.swift in Sources */ = {isa = PBXBuildFile; fileRef = 645CA62C82D4A5A3526298AD /* MockQuestionRepository.swift */; };
		6070C0186AC1A1381854A225 /* PointCalculator.swift in Sources */ = {isa = PBXBuildFile; fileRef = 4BD137EB047341916C68AE64 /* PointCalculator.swift */; };
		6323091CE6051A6E80561F21 /* StarRating.swift in Sources */ = {isa = PBXBuildFile; fileRef = 8F1BA4CFB502B251F2DF28CA /* StarRating.swift */; };
		63696AE699B131FDBAEE85EC /* HomeViewModel.swift in Sources */ = {isa = PBXBuildFile; fileRef = A2BAF9C2AFBA39D02ED3A685 /* HomeViewModel.swift */; };
		66EC463A0254D49B1DF7DD52 /* AuthValidatorTests.swift in Sources */ = {isa = PBXBuildFile; fileRef = 4E715F2D96A24F3E7A97D8E5 /* AuthValidatorTests.swift */; };
		699371D14412DAF3A2ED5716 /* PostQuestionViewModel.swift in Sources */ = {isa = PBXBuildFile; fileRef = A39C7A0761A684B30B17C1B6 /* PostQuestionViewModel.swift */; };
		6B19C92DE87CFF783DE46872 /* Avatar.swift in Sources */ = {isa = PBXBuildFile; fileRef = EF7331F684088B907C0B5A2B /* Avatar.swift */; };
		74C902730D8B5A33A8AC5770 /* Answer.swift in Sources */ = {isa = PBXBuildFile; fileRef = 5728EB74E68EDA6BBC066ED1 /* Answer.swift */; };
		75AC25AF8D7887688C6E1B59 /* EmailSignupView.swift in Sources */ = {isa = PBXBuildFile; fileRef = A6C72A29E5051E9A11CC05CB /* EmailSignupView.swift */; };
		7674CC7A926CAA621B6DC352 /* Assets.xcassets in Resources */ = {isa = PBXBuildFile; fileRef = C42A972388E086F147BB8BD2 /* Assets.xcassets */; };
		76765A47188B692C3454CBBC /* QuestionDetailViewModel.swift in Sources */ = {isa = PBXBuildFile; fileRef = 2F1891A0A9239BF31BE604A8 /* QuestionDetailViewModel.swift */; };
		79143264CC79D222DA02077E /* MyPageView.swift in Sources */ = {isa = PBXBuildFile; fileRef = 3200DB5B595889D53517300E /* MyPageView.swift */; };
		79ED89A36161A34816C5925B /* RunvoxApp.swift in Sources */ = {isa = PBXBuildFile; fileRef = 4AFCAD6B62434BBC7C866449 /* RunvoxApp.swift */; };
		7ADD0AC7F6274CE801BD037C /* NotificationListView.swift in Sources */ = {isa = PBXBuildFile; fileRef = FD29A5E346C8DA681FF76582 /* NotificationListView.swift */; };
		7E035690BEDDA623CDDEA813 /* PointTransactionRow.swift in Sources */ = {isa = PBXBuildFile; fileRef = D71F46D7CFA8E68BF62962ED /* PointTransactionRow.swift */; };
		7EDFF7F67D90218B4AECAE7D /* StatusPill.swift in Sources */ = {isa = PBXBuildFile; fileRef = 441888126C99F69DEF937D72 /* StatusPill.swift */; };
		80FDD7ABFAD0F010F72D7F95 /* RunvoxTextField.swift in Sources */ = {isa = PBXBuildFile; fileRef = BD178F06F590498EE48AA6AC /* RunvoxTextField.swift */; };
		85FFE8361371AE648C528573 /* AuthServiceTests.swift in Sources */ = {isa = PBXBuildFile; fileRef = 599853A2A3DB34088B4931CB /* AuthServiceTests.swift */; };
		86A380990CAED2341211CDD6 /* PointTransaction.swift in Sources */ = {isa = PBXBuildFile; fileRef = 2C211065394DFB25EF1A9929 /* PointTransaction.swift */; };
		8AE4925B2FAFEE0D7453269D /* StarPicker.swift in Sources */ = {isa = PBXBuildFile; fileRef = 4F89BEB5C91E29C268906BB5 /* StarPicker.swift */; };
		8EBC425F64AB20A3E16BEBB8 /* Question.swift in Sources */ = {isa = PBXBuildFile; fileRef = 505EEAA9BD82291E0FCF0B87 /* Question.swift */; };
		90EA3D3586C0032FCD97D94B /* WelcomeView.swift in Sources */ = {isa = PBXBuildFile; fileRef = F4FB02B081707E556C9F1FB0 /* WelcomeView.swift */; };
		91E6FEFAF6E2EEBCAD48C55F /* AnswerRepository.swift in Sources */ = {isa = PBXBuildFile; fileRef = 0A82A541E190097C492E8EBE /* AnswerRepository.swift */; };
		95918E990EA60C01772E2D38 /* QuestionDetailView.swift in Sources */ = {isa = PBXBuildFile; fileRef = 1AD91F920B78F5D1F7D2051E /* QuestionDetailView.swift */; };
		967647F4CD20C99C1F33178B /* ContentView.swift in Sources */ = {isa = PBXBuildFile; fileRef = 0B2ECC572100538DD958C47B /* ContentView.swift */; };
		98897BDB42F047B5610C61B3 /* SearchView.swift in Sources */ = {isa = PBXBuildFile; fileRef = B1966EEC77E16D347EBB9672 /* SearchView.swift */; };
		98B4E43DB174CB41E0141816 /* MockNotificationRepository.swift in Sources */ = {isa = PBXBuildFile; fileRef = 7F9502DDC3F2CEC2DF39B9F9 /* MockNotificationRepository.swift */; };
		9BAD79973CF9D1747D581DF7 /* ReportSheetView.swift in Sources */ = {isa = PBXBuildFile; fileRef = 11022CFAF9FBC526247381E2 /* ReportSheetView.swift */; };
		9DC223BC3B409CAC11758A71 /* NotificationListViewModel.swift in Sources */ = {isa = PBXBuildFile; fileRef = 65707C206E5725FC0178CF44 /* NotificationListViewModel.swift */; };
		9EE05DCA6F5E74528F72D7B9 /* SectionHeader.swift in Sources */ = {isa = PBXBuildFile; fileRef = C725660F2200BC78B2EFC05D /* SectionHeader.swift */; };
		A1CF74A5E1B199344A5F90B6 /* NotificationRepository.swift in Sources */ = {isa = PBXBuildFile; fileRef = 42AD65AD34F15FFAB1F9E551 /* NotificationRepository.swift */; };
		A226B879471F7ECB53BB5832 /* PointsDashboardViewModelTests.swift in Sources */ = {isa = PBXBuildFile; fileRef = 2734713F131D466D00351508 /* PointsDashboardViewModelTests.swift */; };
		A6746E83B43AB17F6FED0AC5 /* AuthRootView.swift in Sources */ = {isa = PBXBuildFile; fileRef = DB2BE049FD8A353527C291FE /* AuthRootView.swift */; };
		A8139C07ACE861BDC8C63513 /* MockAuthBackend.swift in Sources */ = {isa = PBXBuildFile; fileRef = 455747B85BAA5EA15A837BCD /* MockAuthBackend.swift */; };
		B0607144C8D211206F97D28A /* CategoryTile.swift in Sources */ = {isa = PBXBuildFile; fileRef = 3C82AD3870D91BB3292844EE /* CategoryTile.swift */; };
		B98D9BE8D75DF812C796A2DE /* NotificationListViewModelTests.swift in Sources */ = {isa = PBXBuildFile; fileRef = 9E96E262F4B74DE36224B610 /* NotificationListViewModelTests.swift */; };
		BB29C6FB7B933E4482FB7A1B /* PointsDashboardViewModel.swift in Sources */ = {isa = PBXBuildFile; fileRef = 707A32D849B0C38830827390 /* PointsDashboardViewModel.swift */; };
		C14676B9CFDDCFC57376C5EA /* NotificationRow.swift in Sources */ = {isa = PBXBuildFile; fileRef = D301291D232E1113C6C209BF /* NotificationRow.swift */; };
		C4B9660666B1192C646CB9D3 /* MockUserRepository.swift in Sources */ = {isa = PBXBuildFile; fileRef = CB96D74D788E19F3EAE1E74B /* MockUserRepository.swift */; };
		C6582427E475436F12A59ED0 /* ReviewerApplicationViewModelTests.swift in Sources */ = {isa = PBXBuildFile; fileRef = 0B7E3675A0B09AC2728D86D9 /* ReviewerApplicationViewModelTests.swift */; };
		C6FD9FC19250CCE93B4DC0DE /* PointRepository.swift in Sources */ = {isa = PBXBuildFile; fileRef = A86AA0382D82B7B25D0D07D6 /* PointRepository.swift */; };
		C7FCB0448FE6F83A82BD673D /* ReviewerApplicationViewModel.swift in Sources */ = {isa = PBXBuildFile; fileRef = 6A690A76A578E6C9F7A0672A /* ReviewerApplicationViewModel.swift */; };
		C860E8A0D378FA8953712B46 /* AuthValidator.swift in Sources */ = {isa = PBXBuildFile; fileRef = AEA191FDE6294C682DC3933E /* AuthValidator.swift */; };
		C8C97B87C14E6F4553CB6D0A /* RankBadge.swift in Sources */ = {isa = PBXBuildFile; fileRef = F8D2EC2104FF4175E8802C13 /* RankBadge.swift */; };
		CA59A087F46072C817DE7A5D /* CategoryChip.swift in Sources */ = {isa = PBXBuildFile; fileRef = 7CB5C957F42549DBD9A9BC80 /* CategoryChip.swift */; };
		CE85145A20122117F807940E /* MockReportRepository.swift in Sources */ = {isa = PBXBuildFile; fileRef = EDE7F09B6735258FDD837C97 /* MockReportRepository.swift */; };
		D02F3CAC83B7B1853B57459D /* HomeViewModelTests.swift in Sources */ = {isa = PBXBuildFile; fileRef = 73B2021B85B108E0A5436C7A /* HomeViewModelTests.swift */; };
		D18F05802B1296D3EE840880 /* User.swift in Sources */ = {isa = PBXBuildFile; fileRef = A4607EA2D1CE036422543309 /* User.swift */; };
		D2E65B60F21CE828A846EC05 /* Report.swift in Sources */ = {isa = PBXBuildFile; fileRef = 15F5F9EBE6D522FB3007B30E /* Report.swift */; };
		D74A636BF7E977B8247CF99C /* ReviewerApplicationRepository.swift in Sources */ = {isa = PBXBuildFile; fileRef = 22242C686DD4720E32205FB7 /* ReviewerApplicationRepository.swift */; };
		D750FA47D00509D33DE61311 /* AnswererProfileViewModelTests.swift in Sources */ = {isa = PBXBuildFile; fileRef = 3722D389EE07ED4AB6DB8FE4 /* AnswererProfileViewModelTests.swift */; };
		DBD140182AD3026C60385132 /* PostQuestionView.swift in Sources */ = {isa = PBXBuildFile; fileRef = 4B59E0DDDF247948E2C13C97 /* PostQuestionView.swift */; };
		DD5DB3875BB72C4AC1F7EC29 /* AnswererProfileViewModel.swift in Sources */ = {isa = PBXBuildFile; fileRef = 853791905C6AD93C9F332606 /* AnswererProfileViewModel.swift */; };
		DE2B38D0287B344A116498E5 /* AnswerCard.swift in Sources */ = {isa = PBXBuildFile; fileRef = 032865457AB5AE9B48945A7A /* AnswerCard.swift */; };
		DF05ED4E669080B7F26BF0EC /* QuestionRepository.swift in Sources */ = {isa = PBXBuildFile; fileRef = 9C58720355C748FAE4CA0E0D /* QuestionRepository.swift */; };
		E0C21FC2175817FCDAC03777 /* RatingViewModelTests.swift in Sources */ = {isa = PBXBuildFile; fileRef = 83A296950B35FC69F707304B /* RatingViewModelTests.swift */; };
		E35B93FAD2647098C037B789 /* UserRole.swift in Sources */ = {isa = PBXBuildFile; fileRef = 135C472C53512DDD29AFEF62 /* UserRole.swift */; };
		E3872D6E4860BC6A6AF706C9 /* UserRepository.swift in Sources */ = {isa = PBXBuildFile; fileRef = 3F2EA39383CC3394DF3CF6CC /* UserRepository.swift */; };
		ED5818B8F91BCFFFA6883307 /* QuestionDetailViewModelTests.swift in Sources */ = {isa = PBXBuildFile; fileRef = 24FD0689D8CB393B500BA77F /* QuestionDetailViewModelTests.swift */; };
		EE64DF86D06556293D6229A5 /* HomeView.swift in Sources */ = {isa = PBXBuildFile; fileRef = 161621E579E5D4E25C0B328A /* HomeView.swift */; };
		F3200E2219FA305ED704446E /* RatingSheetView.swift in Sources */ = {isa = PBXBuildFile; fileRef = 99C5DEDC877640BCC814BDDE /* RatingSheetView.swift */; };
		F5B4B6BDEF5294DAC48934F5 /* PostAnswerView.swift in Sources */ = {isa = PBXBuildFile; fileRef = C7D291C2985145754D2D8161 /* PostAnswerView.swift */; };
		F9036980C13FC5BC448ACBAE /* PostAnswerViewModelTests.swift in Sources */ = {isa = PBXBuildFile; fileRef = EED1177740B4B714A052F07B /* PostAnswerViewModelTests.swift */; };
		F98C8DFE1C5009BAFBA9C229 /* QuestionStatus.swift in Sources */ = {isa = PBXBuildFile; fileRef = 87569C09A99D5DEC9C3AFFF7 /* QuestionStatus.swift */; };
/* End PBXBuildFile section */

/* Begin PBXContainerItemProxy section */
		DB6E386399EFC806406787DF /* PBXContainerItemProxy */ = {
			isa = PBXContainerItemProxy;
			containerPortal = D460DF4834FCAB76E145ED5C /* Project object */;
			proxyType = 1;
			remoteGlobalIDString = 3F304860CB15244DC8B225B1;
			remoteInfo = Runvox;
		};
/* End PBXContainerItemProxy section */

/* Begin PBXFileReference section */
		032865457AB5AE9B48945A7A /* AnswerCard.swift */ = {isa = PBXFileReference; lastKnownFileType = sourcecode.swift; path = AnswerCard.swift; sourceTree = "<group>"; };
		0A82A541E190097C492E8EBE /* AnswerRepository.swift */ = {isa = PBXFileReference; lastKnownFileType = sourcecode.swift; path = AnswerRepository.swift; sourceTree = "<group>"; };
		0B2ECC572100538DD958C47B /* ContentView.swift */ = {isa = PBXFileReference; lastKnownFileType = sourcecode.swift; path = ContentView.swift; sourceTree = "<group>"; };
		0B7E3675A0B09AC2728D86D9 /* ReviewerApplicationViewModelTests.swift */ = {isa = PBXFileReference; lastKnownFileType = sourcecode.swift; path = ReviewerApplicationViewModelTests.swift; sourceTree = "<group>"; };
		0CC0A4CB21F89291C4FBCDFE /* SettingsRow.swift */ = {isa = PBXFileReference; lastKnownFileType = sourcecode.swift; path = SettingsRow.swift; sourceTree = "<group>"; };
		0FAB66F5DCDB5C61C83C9F69 /* ReviewerApplication.swift */ = {isa = PBXFileReference; lastKnownFileType = sourcecode.swift; path = ReviewerApplication.swift; sourceTree = "<group>"; };
		11022CFAF9FBC526247381E2 /* ReportSheetView.swift */ = {isa = PBXFileReference; lastKnownFileType = sourcecode.swift; path = ReportSheetView.swift; sourceTree = "<group>"; };
		135C472C53512DDD29AFEF62 /* UserRole.swift */ = {isa = PBXFileReference; lastKnownFileType = sourcecode.swift; path = UserRole.swift; sourceTree = "<group>"; };
		13FA1E6F598F90184F4661E7 /* RunvoxTests.xctest */ = {isa = PBXFileReference; includeInIndex = 0; lastKnownFileType = wrapper.cfbundle; path = RunvoxTests.xctest; sourceTree = BUILT_PRODUCTS_DIR; };
		1514E0B522682CF90587A444 /* ApplicationStepper.swift */ = {isa = PBXFileReference; lastKnownFileType = sourcecode.swift; path = ApplicationStepper.swift; sourceTree = "<group>"; };
		15F5F9EBE6D522FB3007B30E /* Report.swift */ = {isa = PBXFileReference; lastKnownFileType = sourcecode.swift; path = Report.swift; sourceTree = "<group>"; };
		161621E579E5D4E25C0B328A /* HomeView.swift */ = {isa = PBXFileReference; lastKnownFileType = sourcecode.swift; path = HomeView.swift; sourceTree = "<group>"; };
		1739C5D7306488E6857E9E78 /* AnswererProfileView.swift */ = {isa = PBXFileReference; lastKnownFileType = sourcecode.swift; path = AnswererProfileView.swift; sourceTree = "<group>"; };
		1AD91F920B78F5D1F7D2051E /* QuestionDetailView.swift */ = {isa = PBXFileReference; lastKnownFileType = sourcecode.swift; path = QuestionDetailView.swift; sourceTree = "<group>"; };
		1C5E0429F3464029B69FEAFE /* ReportRepository.swift */ = {isa = PBXFileReference; lastKnownFileType = sourcecode.swift; path = ReportRepository.swift; sourceTree = "<group>"; };
		22242C686DD4720E32205FB7 /* ReviewerApplicationRepository.swift */ = {isa = PBXFileReference; lastKnownFileType = sourcecode.swift; path = ReviewerApplicationRepository.swift; sourceTree = "<group>"; };
		24FD0689D8CB393B500BA77F /* QuestionDetailViewModelTests.swift */ = {isa = PBXFileReference; lastKnownFileType = sourcecode.swift; path = QuestionDetailViewModelTests.swift; sourceTree = "<group>"; };
		2734713F131D466D00351508 /* PointsDashboardViewModelTests.swift */ = {isa = PBXFileReference; lastKnownFileType = sourcecode.swift; path = PointsDashboardViewModelTests.swift; sourceTree = "<group>"; };
		2C211065394DFB25EF1A9929 /* PointTransaction.swift */ = {isa = PBXFileReference; lastKnownFileType = sourcecode.swift; path = PointTransaction.swift; sourceTree = "<group>"; };
		2E25871C309569F5611876CF /* ReportViewModelTests.swift */ = {isa = PBXFileReference; lastKnownFileType = sourcecode.swift; path = ReportViewModelTests.swift; sourceTree = "<group>"; };
		2F1891A0A9239BF31BE604A8 /* QuestionDetailViewModel.swift */ = {isa = PBXFileReference; lastKnownFileType = sourcecode.swift; path = QuestionDetailViewModel.swift; sourceTree = "<group>"; };
		3194AAD50AE8F82C8147FD28 /* PostAnswerViewModel.swift */ = {isa = PBXFileReference; lastKnownFileType = sourcecode.swift; path = PostAnswerViewModel.swift; sourceTree = "<group>"; };
		3200DB5B595889D53517300E /* MyPageView.swift */ = {isa = PBXFileReference; lastKnownFileType = sourcecode.swift; path = MyPageView.swift; sourceTree = "<group>"; };
		352B0446566A1F7BB24DA931 /* UserPoints.swift */ = {isa = PBXFileReference; lastKnownFileType = sourcecode.swift; path = UserPoints.swift; sourceTree = "<group>"; };
		3722D389EE07ED4AB6DB8FE4 /* AnswererProfileViewModelTests.swift */ = {isa = PBXFileReference; lastKnownFileType = sourcecode.swift; path = AnswererProfileViewModelTests.swift; sourceTree = "<group>"; };
		39D948A9E4EA562881560D1D /* RatingViewModel.swift */ = {isa = PBXFileReference; lastKnownFileType = sourcecode.swift; path = RatingViewModel.swift; sourceTree = "<group>"; };
		39E21EC634537A9D2ECC0415 /* MockReviewerApplicationRepository.swift */ = {isa = PBXFileReference; lastKnownFileType = sourcecode.swift; path = MockReviewerApplicationRepository.swift; sourceTree = "<group>"; };
		3A79257FD4ED42111B4624C2 /* MockPointRepository.swift */ = {isa = PBXFileReference; lastKnownFileType = sourcecode.swift; path = MockPointRepository.swift; sourceTree = "<group>"; };
		3C82AD3870D91BB3292844EE /* CategoryTile.swift */ = {isa = PBXFileReference; lastKnownFileType = sourcecode.swift; path = CategoryTile.swift; sourceTree = "<group>"; };
		3F2EA39383CC3394DF3CF6CC /* UserRepository.swift */ = {isa = PBXFileReference; lastKnownFileType = sourcecode.swift; path = UserRepository.swift; sourceTree = "<group>"; };
		42AD65AD34F15FFAB1F9E551 /* NotificationRepository.swift */ = {isa = PBXFileReference; lastKnownFileType = sourcecode.swift; path = NotificationRepository.swift; sourceTree = "<group>"; };
		441888126C99F69DEF937D72 /* StatusPill.swift */ = {isa = PBXFileReference; lastKnownFileType = sourcecode.swift; path = StatusPill.swift; sourceTree = "<group>"; };
		4476404783F9BF197A0C0BD8 /* QuestionCard.swift */ = {isa = PBXFileReference; lastKnownFileType = sourcecode.swift; path = QuestionCard.swift; sourceTree = "<group>"; };
		44D3DC0FA0467D45D873A1A4 /* AuthBackend.swift */ = {isa = PBXFileReference; lastKnownFileType = sourcecode.swift; path = AuthBackend.swift; sourceTree = "<group>"; };
		455747B85BAA5EA15A837BCD /* MockAuthBackend.swift */ = {isa = PBXFileReference; lastKnownFileType = sourcecode.swift; path = MockAuthBackend.swift; sourceTree = "<group>"; };
		4AFCAD6B62434BBC7C866449 /* RunvoxApp.swift */ = {isa = PBXFileReference; lastKnownFileType = sourcecode.swift; path = RunvoxApp.swift; sourceTree = "<group>"; };
		4B59E0DDDF247948E2C13C97 /* PostQuestionView.swift */ = {isa = PBXFileReference; lastKnownFileType = sourcecode.swift; path = PostQuestionView.swift; sourceTree = "<group>"; };
		4BD137EB047341916C68AE64 /* PointCalculator.swift */ = {isa = PBXFileReference; lastKnownFileType = sourcecode.swift; path = PointCalculator.swift; sourceTree = "<group>"; };
		4E715F2D96A24F3E7A97D8E5 /* AuthValidatorTests.swift */ = {isa = PBXFileReference; lastKnownFileType = sourcecode.swift; path = AuthValidatorTests.swift; sourceTree = "<group>"; };
		4F89BEB5C91E29C268906BB5 /* StarPicker.swift */ = {isa = PBXFileReference; lastKnownFileType = sourcecode.swift; path = StarPicker.swift; sourceTree = "<group>"; };
		505EEAA9BD82291E0FCF0B87 /* Question.swift */ = {isa = PBXFileReference; lastKnownFileType = sourcecode.swift; path = Question.swift; sourceTree = "<group>"; };
		56839A06B9CADB61CD8F0545 /* PointCalculatorTests.swift */ = {isa = PBXFileReference; lastKnownFileType = sourcecode.swift; path = PointCalculatorTests.swift; sourceTree = "<group>"; };
		5728EB74E68EDA6BBC066ED1 /* Answer.swift */ = {isa = PBXFileReference; lastKnownFileType = sourcecode.swift; path = Answer.swift; sourceTree = "<group>"; };
		57DF651C39059B1F2BD60EA5 /* MockAnswerRepository.swift */ = {isa = PBXFileReference; lastKnownFileType = sourcecode.swift; path = MockAnswerRepository.swift; sourceTree = "<group>"; };
		599853A2A3DB34088B4931CB /* AuthServiceTests.swift */ = {isa = PBXFileReference; lastKnownFileType = sourcecode.swift; path = AuthServiceTests.swift; sourceTree = "<group>"; };
		5BFD0F73D04E3FAF9E2EF67D /* QuestionCategory.swift */ = {isa = PBXFileReference; lastKnownFileType = sourcecode.swift; path = QuestionCategory.swift; sourceTree = "<group>"; };
		60C42697C92E12E93330200C /* EmailLoginView.swift */ = {isa = PBXFileReference; lastKnownFileType = sourcecode.swift; path = EmailLoginView.swift; sourceTree = "<group>"; };
		645CA62C82D4A5A3526298AD /* MockQuestionRepository.swift */ = {isa = PBXFileReference; lastKnownFileType = sourcecode.swift; path = MockQuestionRepository.swift; sourceTree = "<group>"; };
		65707C206E5725FC0178CF44 /* NotificationListViewModel.swift */ = {isa = PBXFileReference; lastKnownFileType = sourcecode.swift; path = NotificationListViewModel.swift; sourceTree = "<group>"; };
		662A51C05E0F08F101145CD2 /* SearchViewModel.swift */ = {isa = PBXFileReference; lastKnownFileType = sourcecode.swift; path = SearchViewModel.swift; sourceTree = "<group>"; };
		6885788228778087298914EB /* RunvoxColors.swift */ = {isa = PBXFileReference; lastKnownFileType = sourcecode.swift; path = RunvoxColors.swift; sourceTree = "<group>"; };
		6A690A76A578E6C9F7A0672A /* ReviewerApplicationViewModel.swift */ = {isa = PBXFileReference; lastKnownFileType = sourcecode.swift; path = ReviewerApplicationViewModel.swift; sourceTree = "<group>"; };
		707A32D849B0C38830827390 /* PointsDashboardViewModel.swift */ = {isa = PBXFileReference; lastKnownFileType = sourcecode.swift; path = PointsDashboardViewModel.swift; sourceTree = "<group>"; };
		73B2021B85B108E0A5436C7A /* HomeViewModelTests.swift */ = {isa = PBXFileReference; lastKnownFileType = sourcecode.swift; path = HomeViewModelTests.swift; sourceTree = "<group>"; };
		7CB5C957F42549DBD9A9BC80 /* CategoryChip.swift */ = {isa = PBXFileReference; lastKnownFileType = sourcecode.swift; path = CategoryChip.swift; sourceTree = "<group>"; };
		7F9502DDC3F2CEC2DF39B9F9 /* MockNotificationRepository.swift */ = {isa = PBXFileReference; lastKnownFileType = sourcecode.swift; path = MockNotificationRepository.swift; sourceTree = "<group>"; };
		83A296950B35FC69F707304B /* RatingViewModelTests.swift */ = {isa = PBXFileReference; lastKnownFileType = sourcecode.swift; path = RatingViewModelTests.swift; sourceTree = "<group>"; };
		853791905C6AD93C9F332606 /* AnswererProfileViewModel.swift */ = {isa = PBXFileReference; lastKnownFileType = sourcecode.swift; path = AnswererProfileViewModel.swift; sourceTree = "<group>"; };
		863E311E892FF1102CAC3E5E /* MockRatingRepository.swift */ = {isa = PBXFileReference; lastKnownFileType = sourcecode.swift; path = MockRatingRepository.swift; sourceTree = "<group>"; };
		87569C09A99D5DEC9C3AFFF7 /* QuestionStatus.swift */ = {isa = PBXFileReference; lastKnownFileType = sourcecode.swift; path = QuestionStatus.swift; sourceTree = "<group>"; };
		8E256FC162F0F76E55097DF6 /* AuthError.swift */ = {isa = PBXFileReference; lastKnownFileType = sourcecode.swift; path = AuthError.swift; sourceTree = "<group>"; };
		8F1BA4CFB502B251F2DF28CA /* StarRating.swift */ = {isa = PBXFileReference; lastKnownFileType = sourcecode.swift; path = StarRating.swift; sourceTree = "<group>"; };
		99C5DEDC877640BCC814BDDE /* RatingSheetView.swift */ = {isa = PBXFileReference; lastKnownFileType = sourcecode.swift; path = RatingSheetView.swift; sourceTree = "<group>"; };
		9A192D772A530BC3AF38C4FF /* AuthState.swift */ = {isa = PBXFileReference; lastKnownFileType = sourcecode.swift; path = AuthState.swift; sourceTree = "<group>"; };
		9C58720355C748FAE4CA0E0D /* QuestionRepository.swift */ = {isa = PBXFileReference; lastKnownFileType = sourcecode.swift; path = QuestionRepository.swift; sourceTree = "<group>"; };
		9E96E262F4B74DE36224B610 /* NotificationListViewModelTests.swift */ = {isa = PBXFileReference; lastKnownFileType = sourcecode.swift; path = NotificationListViewModelTests.swift; sourceTree = "<group>"; };
		9EFF6B3229F527C0AE2571EA /* RatingRepository.swift */ = {isa = PBXFileReference; lastKnownFileType = sourcecode.swift; path = RatingRepository.swift; sourceTree = "<group>"; };
		A2BAF9C2AFBA39D02ED3A685 /* HomeViewModel.swift */ = {isa = PBXFileReference; lastKnownFileType = sourcecode.swift; path = HomeViewModel.swift; sourceTree = "<group>"; };
		A39C7A0761A684B30B17C1B6 /* PostQuestionViewModel.swift */ = {isa = PBXFileReference; lastKnownFileType = sourcecode.swift; path = PostQuestionViewModel.swift; sourceTree = "<group>"; };
		A4607EA2D1CE036422543309 /* User.swift */ = {isa = PBXFileReference; lastKnownFileType = sourcecode.swift; path = User.swift; sourceTree = "<group>"; };
		A6C72A29E5051E9A11CC05CB /* EmailSignupView.swift */ = {isa = PBXFileReference; lastKnownFileType = sourcecode.swift; path = EmailSignupView.swift; sourceTree = "<group>"; };
		A86AA0382D82B7B25D0D07D6 /* PointRepository.swift */ = {isa = PBXFileReference; lastKnownFileType = sourcecode.swift; path = PointRepository.swift; sourceTree = "<group>"; };
		AD9B8F24D8D2612020C24E7B /* AnswererProfile.swift */ = {isa = PBXFileReference; lastKnownFileType = sourcecode.swift; path = AnswererProfile.swift; sourceTree = "<group>"; };
		AEA191FDE6294C682DC3933E /* AuthValidator.swift */ = {isa = PBXFileReference; lastKnownFileType = sourcecode.swift; path = AuthValidator.swift; sourceTree = "<group>"; };
		B1966EEC77E16D347EBB9672 /* SearchView.swift */ = {isa = PBXFileReference; lastKnownFileType = sourcecode.swift; path = SearchView.swift; sourceTree = "<group>"; };
		B231EE49C6F2BFF45CC0D4C3 /* SearchViewModelTests.swift */ = {isa = PBXFileReference; lastKnownFileType = sourcecode.swift; path = SearchViewModelTests.swift; sourceTree = "<group>"; };
		BB354ED4F33660801AF4D9EB /* ReportViewModel.swift */ = {isa = PBXFileReference; lastKnownFileType = sourcecode.swift; path = ReportViewModel.swift; sourceTree = "<group>"; };
		BD178F06F590498EE48AA6AC /* RunvoxTextField.swift */ = {isa = PBXFileReference; lastKnownFileType = sourcecode.swift; path = RunvoxTextField.swift; sourceTree = "<group>"; };
		C42A972388E086F147BB8BD2 /* Assets.xcassets */ = {isa = PBXFileReference; lastKnownFileType = folder.assetcatalog; path = Assets.xcassets; sourceTree = "<group>"; };
		C5C2BEDECC25233D498BD091 /* AuthService.swift */ = {isa = PBXFileReference; lastKnownFileType = sourcecode.swift; path = AuthService.swift; sourceTree = "<group>"; };
		C725660F2200BC78B2EFC05D /* SectionHeader.swift */ = {isa = PBXFileReference; lastKnownFileType = sourcecode.swift; path = SectionHeader.swift; sourceTree = "<group>"; };
		C75E6C904EE8C9AB4640AA01 /* RunvoxButtonStyle.swift */ = {isa = PBXFileReference; lastKnownFileType = sourcecode.swift; path = RunvoxButtonStyle.swift; sourceTree = "<group>"; };
		C7D291C2985145754D2D8161 /* PostAnswerView.swift */ = {isa = PBXFileReference; lastKnownFileType = sourcecode.swift; path = PostAnswerView.swift; sourceTree = "<group>"; };
		CB96D74D788E19F3EAE1E74B /* MockUserRepository.swift */ = {isa = PBXFileReference; lastKnownFileType = sourcecode.swift; path = MockUserRepository.swift; sourceTree = "<group>"; };
		D301291D232E1113C6C209BF /* NotificationRow.swift */ = {isa = PBXFileReference; lastKnownFileType = sourcecode.swift; path = NotificationRow.swift; sourceTree = "<group>"; };
		D71F46D7CFA8E68BF62962ED /* PointTransactionRow.swift */ = {isa = PBXFileReference; lastKnownFileType = sourcecode.swift; path = PointTransactionRow.swift; sourceTree = "<group>"; };
		D74515AD574D73AC16E9EDED /* ReviewerApplicationView.swift */ = {isa = PBXFileReference; lastKnownFileType = sourcecode.swift; path = ReviewerApplicationView.swift; sourceTree = "<group>"; };
		DB2BE049FD8A353527C291FE /* AuthRootView.swift */ = {isa = PBXFileReference; lastKnownFileType = sourcecode.swift; path = AuthRootView.swift; sourceTree = "<group>"; };
		DC5CB57B3F26070549691AA0 /* AppNotification.swift */ = {isa = PBXFileReference; lastKnownFileType = sourcecode.swift; path = AppNotification.swift; sourceTree = "<group>"; };
		E3DA8308DB1B82D42BA0DF29 /* AnswererRoute.swift */ = {isa = PBXFileReference; lastKnownFileType = sourcecode.swift; path = AnswererRoute.swift; sourceTree = "<group>"; };
		E49F5DABB2764B59B5A11E6D /* PointsDashboardView.swift */ = {isa = PBXFileReference; lastKnownFileType = sourcecode.swift; path = PointsDashboardView.swift; sourceTree = "<group>"; };
		EC754DA045A4A91A42340C30 /* PostQuestionViewModelTests.swift */ = {isa = PBXFileReference; lastKnownFileType = sourcecode.swift; path = PostQuestionViewModelTests.swift; sourceTree = "<group>"; };
		EDE7F09B6735258FDD837C97 /* MockReportRepository.swift */ = {isa = PBXFileReference; lastKnownFileType = sourcecode.swift; path = MockReportRepository.swift; sourceTree = "<group>"; };
		EED1177740B4B714A052F07B /* PostAnswerViewModelTests.swift */ = {isa = PBXFileReference; lastKnownFileType = sourcecode.swift; path = PostAnswerViewModelTests.swift; sourceTree = "<group>"; };
		EF7331F684088B907C0B5A2B /* Avatar.swift */ = {isa = PBXFileReference; lastKnownFileType = sourcecode.swift; path = Avatar.swift; sourceTree = "<group>"; };
		F4FB02B081707E556C9F1FB0 /* WelcomeView.swift */ = {isa = PBXFileReference; lastKnownFileType = sourcecode.swift; path = WelcomeView.swift; sourceTree = "<group>"; };
		F5096F096C4172982388D0CF /* Runvox.app */ = {isa = PBXFileReference; includeInIndex = 0; lastKnownFileType = wrapper.application; path = Runvox.app; sourceTree = BUILT_PRODUCTS_DIR; };
		F8D2EC2104FF4175E8802C13 /* RankBadge.swift */ = {isa = PBXFileReference; lastKnownFileType = sourcecode.swift; path = RankBadge.swift; sourceTree = "<group>"; };
		FD29A5E346C8DA681FF76582 /* NotificationListView.swift */ = {isa = PBXFileReference; lastKnownFileType = sourcecode.swift; path = NotificationListView.swift; sourceTree = "<group>"; };
/* End PBXFileReference section */

/* Begin PBXGroup section */
		0B7D553018BDFFA5B6619DE7 /* Report */ = {
			isa = PBXGroup;
			children = (
				EDE7F09B6735258FDD837C97 /* MockReportRepository.swift */,
				1C5E0429F3464029B69FEAFE /* ReportRepository.swift */,
			);
			path = Report;
			sourceTree = "<group>";
		};
		0CB5012767E6AB20EE24D7C0 /* PostAnswer */ = {
			isa = PBXGroup;
			children = (
				C7D291C2985145754D2D8161 /* PostAnswerView.swift */,
				3194AAD50AE8F82C8147FD28 /* PostAnswerViewModel.swift */,
			);
			path = PostAnswer;
			sourceTree = "<group>";
		};
		120A7F6C595A445C61AB1D14 /* Notification */ = {
			isa = PBXGroup;
			children = (
				7F9502DDC3F2CEC2DF39B9F9 /* MockNotificationRepository.swift */,
				42AD65AD34F15FFAB1F9E551 /* NotificationRepository.swift */,
			);
			path = Notification;
			sourceTree = "<group>";
		};
		30778195592FE6BF71862B22 /* Products */ = {
			isa = PBXGroup;
			children = (
				F5096F096C4172982388D0CF /* Runvox.app */,
				13FA1E6F598F90184F4661E7 /* RunvoxTests.xctest */,
			);
			name = Products;
			sourceTree = "<group>";
		};
		39101A8D55EACB4F0462D9E2 /* Models */ = {
			isa = PBXGroup;
			children = (
				5728EB74E68EDA6BBC066ED1 /* Answer.swift */,
				AD9B8F24D8D2612020C24E7B /* AnswererProfile.swift */,
				DC5CB57B3F26070549691AA0 /* AppNotification.swift */,
				2C211065394DFB25EF1A9929 /* PointTransaction.swift */,
				505EEAA9BD82291E0FCF0B87 /* Question.swift */,
				5BFD0F73D04E3FAF9E2EF67D /* QuestionCategory.swift */,
				87569C09A99D5DEC9C3AFFF7 /* QuestionStatus.swift */,
				15F5F9EBE6D522FB3007B30E /* Report.swift */,
				0FAB66F5DCDB5C61C83C9F69 /* ReviewerApplication.swift */,
				A4607EA2D1CE036422543309 /* User.swift */,
				352B0446566A1F7BB24DA931 /* UserPoints.swift */,
				135C472C53512DDD29AFEF62 /* UserRole.swift */,
			);
			path = Models;
			sourceTree = "<group>";
		};
		3C96D9A2732D58757A95FE63 /* Point */ = {
			isa = PBXGroup;
			children = (
				3A79257FD4ED42111B4624C2 /* MockPointRepository.swift */,
				A86AA0382D82B7B25D0D07D6 /* PointRepository.swift */,
			);
			path = Point;
			sourceTree = "<group>";
		};
		4636CBE66F21E20F90857847 /* Report */ = {
			isa = PBXGroup;
			children = (
				11022CFAF9FBC526247381E2 /* ReportSheetView.swift */,
				BB354ED4F33660801AF4D9EB /* ReportViewModel.swift */,
			);
			path = Report;
			sourceTree = "<group>";
		};
		46EE9E056BAF3D61CD649473 /* Points */ = {
			isa = PBXGroup;
			children = (
				E49F5DABB2764B59B5A11E6D /* PointsDashboardView.swift */,
				707A32D849B0C38830827390 /* PointsDashboardViewModel.swift */,
				D71F46D7CFA8E68BF62962ED /* PointTransactionRow.swift */,
			);
			path = Points;
			sourceTree = "<group>";
		};
		4742AB23AE720549173D71D7 /* ReviewerApplication */ = {
			isa = PBXGroup;
			children = (
				39E21EC634537A9D2ECC0415 /* MockReviewerApplicationRepository.swift */,
				22242C686DD4720E32205FB7 /* ReviewerApplicationRepository.swift */,
			);
			path = ReviewerApplication;
			sourceTree = "<group>";
		};
		492D42B4E7216CE48E7F0D25 /* App */ = {
			isa = PBXGroup;
			children = (
				0B2ECC572100538DD958C47B /* ContentView.swift */,
				4AFCAD6B62434BBC7C866449 /* RunvoxApp.swift */,
			);
			path = App;
			sourceTree = "<group>";
		};
		4AC570D3182E5FFE5CD6A336 /* Auth */ = {
			isa = PBXGroup;
			children = (
				44D3DC0FA0467D45D873A1A4 /* AuthBackend.swift */,
				8E256FC162F0F76E55097DF6 /* AuthError.swift */,
				C5C2BEDECC25233D498BD091 /* AuthService.swift */,
				9A192D772A530BC3AF38C4FF /* AuthState.swift */,
				AEA191FDE6294C682DC3933E /* AuthValidator.swift */,
				455747B85BAA5EA15A837BCD /* MockAuthBackend.swift */,
			);
			path = Auth;
			sourceTree = "<group>";
		};
		5037B02983E76277C1B50AEB /* Question */ = {
			isa = PBXGroup;
			children = (
				645CA62C82D4A5A3526298AD /* MockQuestionRepository.swift */,
				9C58720355C748FAE4CA0E0D /* QuestionRepository.swift */,
			);
			path = Question;
			sourceTree = "<group>";
		};
		526F9B577E0D5C4B13C34C38 /* Rating */ = {
			isa = PBXGroup;
			children = (
				863E311E892FF1102CAC3E5E /* MockRatingRepository.swift */,
				9EFF6B3229F527C0AE2571EA /* RatingRepository.swift */,
			);
			path = Rating;
			sourceTree = "<group>";
		};
		56E0913A5DA217681AD3EB15 /* Rating */ = {
			isa = PBXGroup;
			children = (
				99C5DEDC877640BCC814BDDE /* RatingSheetView.swift */,
				39D948A9E4EA562881560D1D /* RatingViewModel.swift */,
			);
			path = Rating;
			sourceTree = "<group>";
		};
		5EE7372E4B8C505313BE51D0 /* Auth */ = {
			isa = PBXGroup;
			children = (
				DB2BE049FD8A353527C291FE /* AuthRootView.swift */,
				60C42697C92E12E93330200C /* EmailLoginView.swift */,
				A6C72A29E5051E9A11CC05CB /* EmailSignupView.swift */,
				F4FB02B081707E556C9F1FB0 /* WelcomeView.swift */,
			);
			path = Auth;
			sourceTree = "<group>";
		};
		667E8B485BFDD627D652B7A7 /* User */ = {
			isa = PBXGroup;
			children = (
				CB96D74D788E19F3EAE1E74B /* MockUserRepository.swift */,
				3F2EA39383CC3394DF3CF6CC /* UserRepository.swift */,
			);
			path = User;
			sourceTree = "<group>";
		};
		7257FAB31809E654907F79F3 /* RunvoxTests */ = {
			isa = PBXGroup;
			children = (
				3722D389EE07ED4AB6DB8FE4 /* AnswererProfileViewModelTests.swift */,
				599853A2A3DB34088B4931CB /* AuthServiceTests.swift */,
				4E715F2D96A24F3E7A97D8E5 /* AuthValidatorTests.swift */,
				73B2021B85B108E0A5436C7A /* HomeViewModelTests.swift */,
				9E96E262F4B74DE36224B610 /* NotificationListViewModelTests.swift */,
				56839A06B9CADB61CD8F0545 /* PointCalculatorTests.swift */,
				2734713F131D466D00351508 /* PointsDashboardViewModelTests.swift */,
				EED1177740B4B714A052F07B /* PostAnswerViewModelTests.swift */,
				EC754DA045A4A91A42340C30 /* PostQuestionViewModelTests.swift */,
				24FD0689D8CB393B500BA77F /* QuestionDetailViewModelTests.swift */,
				83A296950B35FC69F707304B /* RatingViewModelTests.swift */,
				2E25871C309569F5611876CF /* ReportViewModelTests.swift */,
				0B7E3675A0B09AC2728D86D9 /* ReviewerApplicationViewModelTests.swift */,
				B231EE49C6F2BFF45CC0D4C3 /* SearchViewModelTests.swift */,
			);
			path = RunvoxTests;
			sourceTree = "<group>";
		};
		73300D4971C8FD63E5275763 /* AnswererProfile */ = {
			isa = PBXGroup;
			children = (
				1739C5D7306488E6857E9E78 /* AnswererProfileView.swift */,
				853791905C6AD93C9F332606 /* AnswererProfileViewModel.swift */,
				E3DA8308DB1B82D42BA0DF29 /* AnswererRoute.swift */,
			);
			path = AnswererProfile;
			sourceTree = "<group>";
		};
		77AD09369A287C9A7C0F6F0C /* ReviewerApplication */ = {
			isa = PBXGroup;
			children = (
				1514E0B522682CF90587A444 /* ApplicationStepper.swift */,
				D74515AD574D73AC16E9EDED /* ReviewerApplicationView.swift */,
				6A690A76A578E6C9F7A0672A /* ReviewerApplicationViewModel.swift */,
			);
			path = ReviewerApplication;
			sourceTree = "<group>";
		};
		7FDA7E9A18DBBF8FA8F1DD86 /* Home */ = {
			isa = PBXGroup;
			children = (
				161621E579E5D4E25C0B328A /* HomeView.swift */,
				A2BAF9C2AFBA39D02ED3A685 /* HomeViewModel.swift */,
				4476404783F9BF197A0C0BD8 /* QuestionCard.swift */,
			);
			path = Home;
			sourceTree = "<group>";
		};
		8B8C237923A8C3A030550C8A /* PostQuestion */ = {
			isa = PBXGroup;
			children = (
				3C82AD3870D91BB3292844EE /* CategoryTile.swift */,
				4B59E0DDDF247948E2C13C97 /* PostQuestionView.swift */,
				A39C7A0761A684B30B17C1B6 /* PostQuestionViewModel.swift */,
			);
			path = PostQuestion;
			sourceTree = "<group>";
		};
		9267841FE9122959B8F19D27 /* Services */ = {
			isa = PBXGroup;
			children = (
				4BD137EB047341916C68AE64 /* PointCalculator.swift */,
				B5D0B7C4C88B81C7B73D3FFA /* Answer */,
				4AC570D3182E5FFE5CD6A336 /* Auth */,
				120A7F6C595A445C61AB1D14 /* Notification */,
				3C96D9A2732D58757A95FE63 /* Point */,
				5037B02983E76277C1B50AEB /* Question */,
				526F9B577E0D5C4B13C34C38 /* Rating */,
				0B7D553018BDFFA5B6619DE7 /* Report */,
				4742AB23AE720549173D71D7 /* ReviewerApplication */,
				667E8B485BFDD627D652B7A7 /* User */,
			);
			path = Services;
			sourceTree = "<group>";
		};
		9B6EE85DCD39498CE88D9C48 = {
			isa = PBXGroup;
			children = (
				D29D1CDDE5B4F62785587B6A /* Runvox */,
				7257FAB31809E654907F79F3 /* RunvoxTests */,
				30778195592FE6BF71862B22 /* Products */,
			);
			sourceTree = "<group>";
		};
		9BFEFDD0BF1B9E4AB4DA5784 /* DesignSystem */ = {
			isa = PBXGroup;
			children = (
				EF7331F684088B907C0B5A2B /* Avatar.swift */,
				7CB5C957F42549DBD9A9BC80 /* CategoryChip.swift */,
				F8D2EC2104FF4175E8802C13 /* RankBadge.swift */,
				C75E6C904EE8C9AB4640AA01 /* RunvoxButtonStyle.swift */,
				6885788228778087298914EB /* RunvoxColors.swift */,
				BD178F06F590498EE48AA6AC /* RunvoxTextField.swift */,
				C725660F2200BC78B2EFC05D /* SectionHeader.swift */,
				0CC0A4CB21F89291C4FBCDFE /* SettingsRow.swift */,
				4F89BEB5C91E29C268906BB5 /* StarPicker.swift */,
				8F1BA4CFB502B251F2DF28CA /* StarRating.swift */,
				441888126C99F69DEF937D72 /* StatusPill.swift */,
			);
			path = DesignSystem;
			sourceTree = "<group>";
		};
		AC4FF8D99E84E3E461D3B63F /* Notifications */ = {
			isa = PBXGroup;
			children = (
				FD29A5E346C8DA681FF76582 /* NotificationListView.swift */,
				65707C206E5725FC0178CF44 /* NotificationListViewModel.swift */,
				D301291D232E1113C6C209BF /* NotificationRow.swift */,
			);
			path = Notifications;
			sourceTree = "<group>";
		};
		B5D0B7C4C88B81C7B73D3FFA /* Answer */ = {
			isa = PBXGroup;
			children = (
				0A82A541E190097C492E8EBE /* AnswerRepository.swift */,
				57DF651C39059B1F2BD60EA5 /* MockAnswerRepository.swift */,
			);
			path = Answer;
			sourceTree = "<group>";
		};
		BD7921C73F6E9D017A8473E3 /* Resources */ = {
			isa = PBXGroup;
			children = (
				C42A972388E086F147BB8BD2 /* Assets.xcassets */,
			);
			path = Resources;
			sourceTree = "<group>";
		};
		C58C4317DF9BBF3BC42B621F /* Search */ = {
			isa = PBXGroup;
			children = (
				B1966EEC77E16D347EBB9672 /* SearchView.swift */,
				662A51C05E0F08F101145CD2 /* SearchViewModel.swift */,
			);
			path = Search;
			sourceTree = "<group>";
		};
		C6FB1566F208E062018D729F /* Features */ = {
			isa = PBXGroup;
			children = (
				73300D4971C8FD63E5275763 /* AnswererProfile */,
				5EE7372E4B8C505313BE51D0 /* Auth */,
				7FDA7E9A18DBBF8FA8F1DD86 /* Home */,
				F6FB20605FE64116E4031522 /* MyPage */,
				AC4FF8D99E84E3E461D3B63F /* Notifications */,
				46EE9E056BAF3D61CD649473 /* Points */,
				0CB5012767E6AB20EE24D7C0 /* PostAnswer */,
				8B8C237923A8C3A030550C8A /* PostQuestion */,
				CAB37C78623650E887D6E943 /* QuestionDetail */,
				56E0913A5DA217681AD3EB15 /* Rating */,
				4636CBE66F21E20F90857847 /* Report */,
				77AD09369A287C9A7C0F6F0C /* ReviewerApplication */,
				C58C4317DF9BBF3BC42B621F /* Search */,
			);
			path = Features;
			sourceTree = "<group>";
		};
		CAB37C78623650E887D6E943 /* QuestionDetail */ = {
			isa = PBXGroup;
			children = (
				032865457AB5AE9B48945A7A /* AnswerCard.swift */,
				1AD91F920B78F5D1F7D2051E /* QuestionDetailView.swift */,
				2F1891A0A9239BF31BE604A8 /* QuestionDetailViewModel.swift */,
			);
			path = QuestionDetail;
			sourceTree = "<group>";
		};
		D29D1CDDE5B4F62785587B6A /* Runvox */ = {
			isa = PBXGroup;
			children = (
				492D42B4E7216CE48E7F0D25 /* App */,
				9BFEFDD0BF1B9E4AB4DA5784 /* DesignSystem */,
				C6FB1566F208E062018D729F /* Features */,
				39101A8D55EACB4F0462D9E2 /* Models */,
				BD7921C73F6E9D017A8473E3 /* Resources */,
				9267841FE9122959B8F19D27 /* Services */,
			);
			path = Runvox;
			sourceTree = "<group>";
		};
		F6FB20605FE64116E4031522 /* MyPage */ = {
			isa = PBXGroup;
			children = (
				3200DB5B595889D53517300E /* MyPageView.swift */,
			);
			path = MyPage;
			sourceTree = "<group>";
		};
/* End PBXGroup section */

/* Begin PBXNativeTarget section */
		3F304860CB15244DC8B225B1 /* Runvox */ = {
			isa = PBXNativeTarget;
			buildConfigurationList = 741906EF15F07A73A7944A6E /* Build configuration list for PBXNativeTarget "Runvox" */;
			buildPhases = (
				2CBF8AFFDDAF4F32C1085B19 /* Sources */,
				D159DFAB7347282FEDEBD5EB /* Resources */,
			);
			buildRules = (
			);
			dependencies = (
			);
			name = Runvox;
			packageProductDependencies = (
			);
			productName = Runvox;
			productReference = F5096F096C4172982388D0CF /* Runvox.app */;
			productType = "com.apple.product-type.application";
		};
		68F484C64BAD31A6CC86F1E6 /* RunvoxTests */ = {
			isa = PBXNativeTarget;
			buildConfigurationList = 901F56B72030A39BAC30F9F0 /* Build configuration list for PBXNativeTarget "RunvoxTests" */;
			buildPhases = (
				29C240A9A180811120D49888 /* Sources */,
			);
			buildRules = (
			);
			dependencies = (
				BA46FA9429A964DE8B40B5B3 /* PBXTargetDependency */,
			);
			name = RunvoxTests;
			packageProductDependencies = (
			);
			productName = RunvoxTests;
			productReference = 13FA1E6F598F90184F4661E7 /* RunvoxTests.xctest */;
			productType = "com.apple.product-type.bundle.unit-test";
		};
/* End PBXNativeTarget section */

/* Begin PBXProject section */
		D460DF4834FCAB76E145ED5C /* Project object */ = {
			isa = PBXProject;
			attributes = {
				BuildIndependentTargetsInParallel = YES;
				LastUpgradeCheck = 1430;
				TargetAttributes = {
				};
			};
			buildConfigurationList = E71C4E675A5226907807F3FD /* Build configuration list for PBXProject "Runvox" */;
			developmentRegion = ja;
			hasScannedForEncodings = 0;
			knownRegions = (
				Base,
				ja,
			);
			mainGroup = 9B6EE85DCD39498CE88D9C48;
			minimizedProjectReferenceProxies = 1;
			preferredProjectObjectVersion = 77;
			productRefGroup = 30778195592FE6BF71862B22 /* Products */;
			projectDirPath = "";
			projectRoot = "";
			targets = (
				3F304860CB15244DC8B225B1 /* Runvox */,
				68F484C64BAD31A6CC86F1E6 /* RunvoxTests */,
			);
		};
/* End PBXProject section */

/* Begin PBXResourcesBuildPhase section */
		D159DFAB7347282FEDEBD5EB /* Resources */ = {
			isa = PBXResourcesBuildPhase;
			buildActionMask = 2147483647;
			files = (
				7674CC7A926CAA621B6DC352 /* Assets.xcassets in Resources */,
			);
			runOnlyForDeploymentPostprocessing = 0;
		};
/* End PBXResourcesBuildPhase section */

/* Begin PBXSourcesBuildPhase section */
		29C240A9A180811120D49888 /* Sources */ = {
			isa = PBXSourcesBuildPhase;
			buildActionMask = 2147483647;
			files = (
				D750FA47D00509D33DE61311 /* AnswererProfileViewModelTests.swift in Sources */,
				85FFE8361371AE648C528573 /* AuthServiceTests.swift in Sources */,
				66EC463A0254D49B1DF7DD52 /* AuthValidatorTests.swift in Sources */,
				D02F3CAC83B7B1853B57459D /* HomeViewModelTests.swift in Sources */,
				B98D9BE8D75DF812C796A2DE /* NotificationListViewModelTests.swift in Sources */,
				03373DE789A0F9BA9C45C6AD /* PointCalculatorTests.swift in Sources */,
				A226B879471F7ECB53BB5832 /* PointsDashboardViewModelTests.swift in Sources */,
				F9036980C13FC5BC448ACBAE /* PostAnswerViewModelTests.swift in Sources */,
				5A504F7A033E9FE49750B52C /* PostQuestionViewModelTests.swift in Sources */,
				ED5818B8F91BCFFFA6883307 /* QuestionDetailViewModelTests.swift in Sources */,
				E0C21FC2175817FCDAC03777 /* RatingViewModelTests.swift in Sources */,
				3893495C758040296788D567 /* ReportViewModelTests.swift in Sources */,
				C6582427E475436F12A59ED0 /* ReviewerApplicationViewModelTests.swift in Sources */,
				351B526021A59B43693EEE5D /* SearchViewModelTests.swift in Sources */,
			);
			runOnlyForDeploymentPostprocessing = 0;
		};
		2CBF8AFFDDAF4F32C1085B19 /* Sources */ = {
			isa = PBXSourcesBuildPhase;
			buildActionMask = 2147483647;
			files = (
				74C902730D8B5A33A8AC5770 /* Answer.swift in Sources */,
				DE2B38D0287B344A116498E5 /* AnswerCard.swift in Sources */,
				91E6FEFAF6E2EEBCAD48C55F /* AnswerRepository.swift in Sources */,
				2E7214902128868DE17E30BF /* AnswererProfile.swift in Sources */,
				5273EA06570D1A628D56E757 /* AnswererProfileView.swift in Sources */,
				DD5DB3875BB72C4AC1F7EC29 /* AnswererProfileViewModel.swift in Sources */,
				222B68A4D6DD044473498929 /* AnswererRoute.swift in Sources */,
				1A7DE2EC1FBC27E764C96199 /* AppNotification.swift in Sources */,
				1E28A4A9FF5233CA8FC37B27 /* ApplicationStepper.swift in Sources */,
				1BCF31C482F2401FC730AA65 /* AuthBackend.swift in Sources */,
				5164A78B689FC84CADAFC54C /* AuthError.swift in Sources */,
				A6746E83B43AB17F6FED0AC5 /* AuthRootView.swift in Sources */,
				30AA0A96003FDFCA679CD16E /* AuthService.swift in Sources */,
				43234273EABA45FE06450B91 /* AuthState.swift in Sources */,
				C860E8A0D378FA8953712B46 /* AuthValidator.swift in Sources */,
				6B19C92DE87CFF783DE46872 /* Avatar.swift in Sources */,
				CA59A087F46072C817DE7A5D /* CategoryChip.swift in Sources */,
				B0607144C8D211206F97D28A /* CategoryTile.swift in Sources */,
				967647F4CD20C99C1F33178B /* ContentView.swift in Sources */,
				13EBD9E74C0EDD01A857FA46 /* EmailLoginView.swift in Sources */,
				75AC25AF8D7887688C6E1B59 /* EmailSignupView.swift in Sources */,
				EE64DF86D06556293D6229A5 /* HomeView.swift in Sources */,
				63696AE699B131FDBAEE85EC /* HomeViewModel.swift in Sources */,
				42A56AF550B64A80715F022E /* MockAnswerRepository.swift in Sources */,
				A8139C07ACE861BDC8C63513 /* MockAuthBackend.swift in Sources */,
				98B4E43DB174CB41E0141816 /* MockNotificationRepository.swift in Sources */,
				56A4089D549C507D434F4E4F /* MockPointRepository.swift in Sources */,
				5DD4E459C40AFB8729F0C661 /* MockQuestionRepository.swift in Sources */,
				3474A07A447E4F548042D5B3 /* MockRatingRepository.swift in Sources */,
				CE85145A20122117F807940E /* MockReportRepository.swift in Sources */,
				5C84B66DE82A7FB4221B1D98 /* MockReviewerApplicationRepository.swift in Sources */,
				C4B9660666B1192C646CB9D3 /* MockUserRepository.swift in Sources */,
				79143264CC79D222DA02077E /* MyPageView.swift in Sources */,
				7ADD0AC7F6274CE801BD037C /* NotificationListView.swift in Sources */,
				9DC223BC3B409CAC11758A71 /* NotificationListViewModel.swift in Sources */,
				A1CF74A5E1B199344A5F90B6 /* NotificationRepository.swift in Sources */,
				C14676B9CFDDCFC57376C5EA /* NotificationRow.swift in Sources */,
				6070C0186AC1A1381854A225 /* PointCalculator.swift in Sources */,
				C6FD9FC19250CCE93B4DC0DE /* PointRepository.swift in Sources */,
				86A380990CAED2341211CDD6 /* PointTransaction.swift in Sources */,
				7E035690BEDDA623CDDEA813 /* PointTransactionRow.swift in Sources */,
				4BBB206F36B4E21A58A42C62 /* PointsDashboardView.swift in Sources */,
				BB29C6FB7B933E4482FB7A1B /* PointsDashboardViewModel.swift in Sources */,
				F5B4B6BDEF5294DAC48934F5 /* PostAnswerView.swift in Sources */,
				1910C90F4B7273845022585E /* PostAnswerViewModel.swift in Sources */,
				DBD140182AD3026C60385132 /* PostQuestionView.swift in Sources */,
				699371D14412DAF3A2ED5716 /* PostQuestionViewModel.swift in Sources */,
				8EBC425F64AB20A3E16BEBB8 /* Question.swift in Sources */,
				440811304B76DE2F3A965A61 /* QuestionCard.swift in Sources */,
				27EAFDDA636E4A54D869804E /* QuestionCategory.swift in Sources */,
				95918E990EA60C01772E2D38 /* QuestionDetailView.swift in Sources */,
				76765A47188B692C3454CBBC /* QuestionDetailViewModel.swift in Sources */,
				DF05ED4E669080B7F26BF0EC /* QuestionRepository.swift in Sources */,
				F98C8DFE1C5009BAFBA9C229 /* QuestionStatus.swift in Sources */,
				C8C97B87C14E6F4553CB6D0A /* RankBadge.swift in Sources */,
				0CEAA16E075C650386BE8C94 /* RatingRepository.swift in Sources */,
				F3200E2219FA305ED704446E /* RatingSheetView.swift in Sources */,
				0552ACAE4B5583F199940729 /* RatingViewModel.swift in Sources */,
				D2E65B60F21CE828A846EC05 /* Report.swift in Sources */,
				4026D57D0ACE7D494AD16F3B /* ReportRepository.swift in Sources */,
				9BAD79973CF9D1747D581DF7 /* ReportSheetView.swift in Sources */,
				2CC1367FA51A8E72B5149C02 /* ReportViewModel.swift in Sources */,
				52FEA7E165772247CAC46F72 /* ReviewerApplication.swift in Sources */,
				D74A636BF7E977B8247CF99C /* ReviewerApplicationRepository.swift in Sources */,
				50C04C7A001C0B38B280828C /* ReviewerApplicationView.swift in Sources */,
				C7FCB0448FE6F83A82BD673D /* ReviewerApplicationViewModel.swift in Sources */,
				79ED89A36161A34816C5925B /* RunvoxApp.swift in Sources */,
				5420C98437980FDA3FF2CC8E /* RunvoxButtonStyle.swift in Sources */,
				263338CEBA7E840434488CFC /* RunvoxColors.swift in Sources */,
				80FDD7ABFAD0F010F72D7F95 /* RunvoxTextField.swift in Sources */,
				98897BDB42F047B5610C61B3 /* SearchView.swift in Sources */,
				3DD520467675F23FD7642297 /* SearchViewModel.swift in Sources */,
				9EE05DCA6F5E74528F72D7B9 /* SectionHeader.swift in Sources */,
				0970863FF8CAC6908DC0F05A /* SettingsRow.swift in Sources */,
				8AE4925B2FAFEE0D7453269D /* StarPicker.swift in Sources */,
				6323091CE6051A6E80561F21 /* StarRating.swift in Sources */,
				7EDFF7F67D90218B4AECAE7D /* StatusPill.swift in Sources */,
				D18F05802B1296D3EE840880 /* User.swift in Sources */,
				575BAA7F441361E6B6B80879 /* UserPoints.swift in Sources */,
				E3872D6E4860BC6A6AF706C9 /* UserRepository.swift in Sources */,
				E35B93FAD2647098C037B789 /* UserRole.swift in Sources */,
				90EA3D3586C0032FCD97D94B /* WelcomeView.swift in Sources */,
			);
			runOnlyForDeploymentPostprocessing = 0;
		};
/* End PBXSourcesBuildPhase section */

/* Begin PBXTargetDependency section */
		BA46FA9429A964DE8B40B5B3 /* PBXTargetDependency */ = {
			isa = PBXTargetDependency;
			target = 3F304860CB15244DC8B225B1 /* Runvox */;
			targetProxy = DB6E386399EFC806406787DF /* PBXContainerItemProxy */;
		};
/* End PBXTargetDependency section */

/* Begin XCBuildConfiguration section */
		3C5AE012CA6E33983BD9FA65 /* Debug */ = {
			isa = XCBuildConfiguration;
			buildSettings = {
				ASSETCATALOG_COMPILER_APPICON_NAME = AppIcon;
				ASSETCATALOG_COMPILER_GLOBAL_ACCENT_COLOR_NAME = AccentColor;
				CODE_SIGN_IDENTITY = "iPhone Developer";
				ENABLE_PREVIEWS = YES;
				GENERATE_INFOPLIST_FILE = YES;
				INFOPLIST_KEY_CFBundleDisplayName = Runvox;
				INFOPLIST_KEY_UIApplicationSceneManifest_Generation = YES;
				INFOPLIST_KEY_UILaunchScreen_Generation = YES;
				INFOPLIST_KEY_UISupportedInterfaceOrientations = UIInterfaceOrientationPortrait;
				LD_RUNPATH_SEARCH_PATHS = (
					"$(inherited)",
					"@executable_path/Frameworks",
				);
				PRODUCT_BUNDLE_IDENTIFIER = app.runvox.Runvox;
				PRODUCT_NAME = Runvox;
				SDKROOT = iphoneos;
				TARGETED_DEVICE_FAMILY = 1;
			};
			name = Debug;
		};
		4D565083053C38421FF2D878 /* Debug */ = {
			isa = XCBuildConfiguration;
			buildSettings = {
				ALWAYS_SEARCH_USER_PATHS = NO;
				CLANG_ANALYZER_NONNULL = YES;
				CLANG_ANALYZER_NUMBER_OBJECT_CONVERSION = YES_AGGRESSIVE;
				CLANG_CXX_LANGUAGE_STANDARD = "gnu++14";
				CLANG_CXX_LIBRARY = "libc++";
				CLANG_ENABLE_MODULES = YES;
				CLANG_ENABLE_OBJC_ARC = YES;
				CLANG_ENABLE_OBJC_WEAK = YES;
				CLANG_WARN_BLOCK_CAPTURE_AUTORELEASING = YES;
				CLANG_WARN_BOOL_CONVERSION = YES;
				CLANG_WARN_COMMA = YES;
				CLANG_WARN_CONSTANT_CONVERSION = YES;
				CLANG_WARN_DEPRECATED_OBJC_IMPLEMENTATIONS = YES;
				CLANG_WARN_DIRECT_OBJC_ISA_USAGE = YES_ERROR;
				CLANG_WARN_DOCUMENTATION_COMMENTS = YES;
				CLANG_WARN_EMPTY_BODY = YES;
				CLANG_WARN_ENUM_CONVERSION = YES;
				CLANG_WARN_INFINITE_RECURSION = YES;
				CLANG_WARN_INT_CONVERSION = YES;
				CLANG_WARN_NON_LITERAL_NULL_CONVERSION = YES;
				CLANG_WARN_OBJC_IMPLICIT_RETAIN_SELF = YES;
				CLANG_WARN_OBJC_LITERAL_CONVERSION = YES;
				CLANG_WARN_OBJC_ROOT_CLASS = YES_ERROR;
				CLANG_WARN_QUOTED_INCLUDE_IN_FRAMEWORK_HEADER = YES;
				CLANG_WARN_RANGE_LOOP_ANALYSIS = YES;
				CLANG_WARN_STRICT_PROTOTYPES = YES;
				CLANG_WARN_SUSPICIOUS_MOVE = YES;
				CLANG_WARN_UNGUARDED_AVAILABILITY = YES_AGGRESSIVE;
				CLANG_WARN_UNREACHABLE_CODE = YES;
				CLANG_WARN__DUPLICATE_METHOD_MATCH = YES;
				COPY_PHASE_STRIP = NO;
				CURRENT_PROJECT_VERSION = 1;
				DEBUG_INFORMATION_FORMAT = dwarf;
				ENABLE_STRICT_OBJC_MSGSEND = YES;
				ENABLE_TESTABILITY = YES;
				ENABLE_USER_SCRIPT_SANDBOXING = NO;
				GCC_C_LANGUAGE_STANDARD = gnu11;
				GCC_DYNAMIC_NO_PIC = NO;
				GCC_NO_COMMON_BLOCKS = YES;
				GCC_OPTIMIZATION_LEVEL = 0;
				GCC_PREPROCESSOR_DEFINITIONS = (
					"$(inherited)",
					"DEBUG=1",
				);
				GCC_WARN_64_TO_32_BIT_CONVERSION = YES;
				GCC_WARN_ABOUT_RETURN_TYPE = YES_ERROR;
				GCC_WARN_UNDECLARED_SELECTOR = YES;
				GCC_WARN_UNINITIALIZED_AUTOS = YES_AGGRESSIVE;
				GCC_WARN_UNUSED_FUNCTION = YES;
				GCC_WARN_UNUSED_VARIABLE = YES;
				IPHONEOS_DEPLOYMENT_TARGET = 16.0;
				MARKETING_VERSION = 0.1.0;
				MTL_ENABLE_DEBUG_INFO = INCLUDE_SOURCE;
				MTL_FAST_MATH = YES;
				ONLY_ACTIVE_ARCH = YES;
				PRODUCT_NAME = "$(TARGET_NAME)";
				SDKROOT = iphoneos;
				SWIFT_ACTIVE_COMPILATION_CONDITIONS = DEBUG;
				SWIFT_OPTIMIZATION_LEVEL = "-Onone";
				SWIFT_VERSION = 5.9;
			};
			name = Debug;
		};
		7B0A884BA2005570343BB286 /* Debug */ = {
			isa = XCBuildConfiguration;
			buildSettings = {
				BUNDLE_LOADER = "$(TEST_HOST)";
				GENERATE_INFOPLIST_FILE = YES;
				LD_RUNPATH_SEARCH_PATHS = (
					"$(inherited)",
					"@executable_path/Frameworks",
					"@loader_path/Frameworks",
				);
				PRODUCT_BUNDLE_IDENTIFIER = app.runvox.RunvoxTests;
				SDKROOT = iphoneos;
				TARGETED_DEVICE_FAMILY = "1,2";
				TEST_HOST = "$(BUILT_PRODUCTS_DIR)/Runvox.app/$(BUNDLE_EXECUTABLE_FOLDER_PATH)/Runvox";
			};
			name = Debug;
		};
		7F4D9DBE297A4B3DF5F8483D /* Release */ = {
			isa = XCBuildConfiguration;
			buildSettings = {
				ALWAYS_SEARCH_USER_PATHS = NO;
				CLANG_ANALYZER_NONNULL = YES;
				CLANG_ANALYZER_NUMBER_OBJECT_CONVERSION = YES_AGGRESSIVE;
				CLANG_CXX_LANGUAGE_STANDARD = "gnu++14";
				CLANG_CXX_LIBRARY = "libc++";
				CLANG_ENABLE_MODULES = YES;
				CLANG_ENABLE_OBJC_ARC = YES;
				CLANG_ENABLE_OBJC_WEAK = YES;
				CLANG_WARN_BLOCK_CAPTURE_AUTORELEASING = YES;
				CLANG_WARN_BOOL_CONVERSION = YES;
				CLANG_WARN_COMMA = YES;
				CLANG_WARN_CONSTANT_CONVERSION = YES;
				CLANG_WARN_DEPRECATED_OBJC_IMPLEMENTATIONS = YES;
				CLANG_WARN_DIRECT_OBJC_ISA_USAGE = YES_ERROR;
				CLANG_WARN_DOCUMENTATION_COMMENTS = YES;
				CLANG_WARN_EMPTY_BODY = YES;
				CLANG_WARN_ENUM_CONVERSION = YES;
				CLANG_WARN_INFINITE_RECURSION = YES;
				CLANG_WARN_INT_CONVERSION = YES;
				CLANG_WARN_NON_LITERAL_NULL_CONVERSION = YES;
				CLANG_WARN_OBJC_IMPLICIT_RETAIN_SELF = YES;
				CLANG_WARN_OBJC_LITERAL_CONVERSION = YES;
				CLANG_WARN_OBJC_ROOT_CLASS = YES_ERROR;
				CLANG_WARN_QUOTED_INCLUDE_IN_FRAMEWORK_HEADER = YES;
				CLANG_WARN_RANGE_LOOP_ANALYSIS = YES;
				CLANG_WARN_STRICT_PROTOTYPES = YES;
				CLANG_WARN_SUSPICIOUS_MOVE = YES;
				CLANG_WARN_UNGUARDED_AVAILABILITY = YES_AGGRESSIVE;
				CLANG_WARN_UNREACHABLE_CODE = YES;
				CLANG_WARN__DUPLICATE_METHOD_MATCH = YES;
				COPY_PHASE_STRIP = NO;
				CURRENT_PROJECT_VERSION = 1;
				DEBUG_INFORMATION_FORMAT = "dwarf-with-dsym";
				ENABLE_NS_ASSERTIONS = NO;
				ENABLE_STRICT_OBJC_MSGSEND = YES;
				ENABLE_USER_SCRIPT_SANDBOXING = NO;
				GCC_C_LANGUAGE_STANDARD = gnu11;
				GCC_NO_COMMON_BLOCKS = YES;
				GCC_WARN_64_TO_32_BIT_CONVERSION = YES;
				GCC_WARN_ABOUT_RETURN_TYPE = YES_ERROR;
				GCC_WARN_UNDECLARED_SELECTOR = YES;
				GCC_WARN_UNINITIALIZED_AUTOS = YES_AGGRESSIVE;
				GCC_WARN_UNUSED_FUNCTION = YES;
				GCC_WARN_UNUSED_VARIABLE = YES;
				IPHONEOS_DEPLOYMENT_TARGET = 16.0;
				MARKETING_VERSION = 0.1.0;
				MTL_ENABLE_DEBUG_INFO = NO;
				MTL_FAST_MATH = YES;
				PRODUCT_NAME = "$(TARGET_NAME)";
				SDKROOT = iphoneos;
				SWIFT_COMPILATION_MODE = wholemodule;
				SWIFT_OPTIMIZATION_LEVEL = "-O";
				SWIFT_VERSION = 5.9;
			};
			name = Release;
		};
		97F3CE619EAD23CE8309F8F0 /* Release */ = {
			isa = XCBuildConfiguration;
			buildSettings = {
				ASSETCATALOG_COMPILER_APPICON_NAME = AppIcon;
				ASSETCATALOG_COMPILER_GLOBAL_ACCENT_COLOR_NAME = AccentColor;
				CODE_SIGN_IDENTITY = "iPhone Developer";
				ENABLE_PREVIEWS = YES;
				GENERATE_INFOPLIST_FILE = YES;
				INFOPLIST_KEY_CFBundleDisplayName = Runvox;
				INFOPLIST_KEY_UIApplicationSceneManifest_Generation = YES;
				INFOPLIST_KEY_UILaunchScreen_Generation = YES;
				INFOPLIST_KEY_UISupportedInterfaceOrientations = UIInterfaceOrientationPortrait;
				LD_RUNPATH_SEARCH_PATHS = (
					"$(inherited)",
					"@executable_path/Frameworks",
				);
				PRODUCT_BUNDLE_IDENTIFIER = app.runvox.Runvox;
				PRODUCT_NAME = Runvox;
				SDKROOT = iphoneos;
				TARGETED_DEVICE_FAMILY = 1;
			};
			name = Release;
		};
		EA5BC884A42EB187CD3DDD54 /* Release */ = {
			isa = XCBuildConfiguration;
			buildSettings = {
				BUNDLE_LOADER = "$(TEST_HOST)";
				GENERATE_INFOPLIST_FILE = YES;
				LD_RUNPATH_SEARCH_PATHS = (
					"$(inherited)",
					"@executable_path/Frameworks",
					"@loader_path/Frameworks",
				);
				PRODUCT_BUNDLE_IDENTIFIER = app.runvox.RunvoxTests;
				SDKROOT = iphoneos;
				TARGETED_DEVICE_FAMILY = "1,2";
				TEST_HOST = "$(BUILT_PRODUCTS_DIR)/Runvox.app/$(BUNDLE_EXECUTABLE_FOLDER_PATH)/Runvox";
			};
			name = Release;
		};
/* End XCBuildConfiguration section */

/* Begin XCConfigurationList section */
		741906EF15F07A73A7944A6E /* Build configuration list for PBXNativeTarget "Runvox" */ = {
			isa = XCConfigurationList;
			buildConfigurations = (
				3C5AE012CA6E33983BD9FA65 /* Debug */,
				97F3CE619EAD23CE8309F8F0 /* Release */,
			);
			defaultConfigurationIsVisible = 0;
			defaultConfigurationName = Debug;
		};
		901F56B72030A39BAC30F9F0 /* Build configuration list for PBXNativeTarget "RunvoxTests" */ = {
			isa = XCConfigurationList;
			buildConfigurations = (
				7B0A884BA2005570343BB286 /* Debug */,
				EA5BC884A42EB187CD3DDD54 /* Release */,
			);
			defaultConfigurationIsVisible = 0;
			defaultConfigurationName = Debug;
		};
		E71C4E675A5226907807F3FD /* Build configuration list for PBXProject "Runvox" */ = {
			isa = XCConfigurationList;
			buildConfigurations = (
				4D565083053C38421FF2D878 /* Debug */,
				7F4D9DBE297A4B3DF5F8483D /* Release */,
			);
			defaultConfigurationIsVisible = 0;
			defaultConfigurationName = Debug;
		};
/* End XCConfigurationList section */
	};
	rootObject = D460DF4834FCAB76E145ED5C /* Project object */;
}
